<?xml version="1.0" encoding="utf-8"?>
<Project ToolsVersion="4.0" xmlns="http://schemas.microsoft.com/developer/msbuild/2003">
  <ItemGroup>
    <ClCompile Include="animatedsprite.cpp" />
    <ClCompile Include="block.cpp" />
    <ClCompile Include="entity.cpp" />
    <ClCompile Include="font.cpp" />
    <ClCompile Include="game.cpp" />
    <ClCompile Include="gameobjectpool.cpp" />
    <ClCompile Include="grid.cpp" />
    <ClCompile Include="imgui\imgui.cpp" />
    <ClCompile Include="imgui\imgui_demo.cpp" />
    <ClCompile Include="imgui\imgui_draw.cpp" />
    <ClCompile Include="imgui\imgui_impl_opengl3.cpp" />
    <ClCompile Include="imgui\imgui_impl_sdl2.cpp" />
    <ClCompile Include="imgui\imgui_tables.cpp" />
    <ClCompile Include="imgui\imgui_widgets.cpp" />
    <ClCompile Include="inputsystem.cpp" />
    <ClCompile Include="logmanager.cpp" />
    <ClCompile Include="main.cpp" />
    <ClCompile Include="matrix4.cpp" />
    <ClCompile Include="particle.cpp" />
    <ClCompile Include="particlesystem.cpp" />
    <ClCompile Include="scenemain.cpp" />
    <ClCompile Include="player.cpp" />
    <ClCompile Include="renderer.cpp" />
    <ClCompile Include="scene.cpp" />
    <ClCompile Include="scenecheckerboards.cpp" />
    <ClCompile Include="scenetitlescreen.cpp" />
    <ClCompile Include="shader.cpp" />
    <ClCompile Include="sprite.cpp" />
    <ClCompile Include="texture.cpp" />
    <ClCompile Include="texturemanager.cpp" />
    <ClCompile Include="ui.cpp" />
    <ClCompile Include="vector2.cpp" />
    <ClCompile Include="vertexarray.cpp" />
    <ClCompile Include="xboxcontroller.cpp" />
    <ClCompile Include="quadtree.cpp" />
    <ClCompile Include="gridstate.cpp" />
    <ClCompile Include="soundsystem.cpp" />
    <ClCompile Include="SceneSplashScreenAUT.cpp" />
    <ClCompile Include="SceneSplashScreenFMOD.cpp" />
    <ClCompile Include="spider.cpp" />
    <ClCompile Include="spiderstate.cpp" />
    <ClCompile Include="upgrademanager.cpp" />
    <ClCompile Include="startcutscene.cpp" />
    <ClCompile Include="cutsceneplayer.cpp" />
    <ClCompile Include="fallingrocks.cpp" />
  </ItemGroup>
  <ItemGroup>
    <ClInclude Include="animatedsprite.h" />
    <ClInclude Include="block.h" />
    <ClInclude Include="entity.h" />
    <ClInclude Include="font.h" />
    <ClInclude Include="game.h" />
    <ClInclude Include="gameobject.h" />
    <ClInclude Include="gameobjectpool.h" />
    <ClInclude Include="grid.h" />
    <ClInclude Include="imgui\imconfig.h" />
    <ClInclude Include="imgui\imgui.h" />
    <ClInclude Include="imgui\imgui_impl_opengl3.h" />
    <ClInclude Include="imgui\imgui_impl_opengl3_loader.h" />
    <ClInclude Include="imgui\imgui_impl_sdl2.h" />
    <ClInclude Include="imgui\imgui_internal.h" />
    <ClInclude Include="imgui\imstb_rectpack.h" />
    <ClInclude Include="imgui\imstb_textedit.h" />
    <ClInclude Include="imgui\imstb_truetype.h" />
    <ClInclude Include="inlinehelper.h" />
    <ClInclude Include="inputsystem.h" />
    <ClInclude Include="logmanager.h" />
    <ClInclude Include="matrix4.h" />
    <ClInclude Include="particle.h" />
    <ClInclude Include="particlesystem.h" />
    <ClInclude Include="player.h" />
    <ClInclude Include="renderer.h" />
    <ClInclude Include="scene.h" />
    <ClInclude Include="scenecheckerboards.h" />
    <ClInclude Include="scenemain.h" />
    <ClInclude Include="scenetitlescreen.h" />
    <ClInclude Include="SDL_ttf.h" />
    <ClInclude Include="shader.h" />
    <ClInclude Include="sprite.h" />
    <ClInclude Include="texture.h" />
    <ClInclude Include="texturemanager.h" />
    <ClInclude Include="ui.h" />
    <ClInclude Include="vector2.h" />
    <ClInclude Include="vertexarray.h" />
    <ClInclude Include="xboxcontroller.h" />
    <ClInclude Include="quadtree.h" />
    <ClInclude Include="gridstate.h" />
    <ClInclude Include="collisionhelper.h" />
    <ClInclude Include="soundsystem.h" />
    <ClInclude Include="SceneSplashScreenAUT.h" />
    <ClInclude Include="SceneSplashScreenFMOD.h" />
    <ClInclude Include="resourcetype.h" />
    <ClInclude Include="spider.h" />
    <ClInclude Include="spiderstate.h" />
    <ClInclude Include="upgrademanager.h" />
    <ClInclude Include="upgradestation.h" />
    <ClInclude Include="startcutscene.h" />
    <ClInclude Include="cutsceneplayer.h" />
    <ClInclude Include="fallingrocks.h" />
  </ItemGroup>
  <ItemGroup>
    <None Include="game\shaders\sprite.frag" />
    <None Include="game\shaders\sprite.vert" />
  </ItemGroup>
</Project>